
Microsoft Visual Studio Solution File, Format Version 12.00
# Visual Studio Version 16
VisualStudioVersion = 16.0.31321.278
MinimumVisualStudioVersion = 10.0.40219.1
Project("{9A19103F-16F7-4668-BE54-9A1E7A4F7556}") = "labs", "labs.csproj", "{6488EC1F-2F78-459C-A414-A68D3ADBAFE8}"
EndProject
Project("{FAE04EC0-301F-11D3-BF4B-00C04F79EFBC}") = "MyLibrary", "..\MyLibrary\MyLibrary.csproj", "{9A187368-5097-4A3C-BCEC-5531BFF5DBAB}"
EndProject
Global
	GlobalSection(SolutionConfigurationPlatforms) = preSolution
		Debug|Any CPU = Debug|Any CPU
		Release|Any CPU = Release|Any CPU
	EndGlobalSection
	GlobalSection(ProjectConfigurationPlatforms) = postSolution
		{6488EC1F-2F78-459C-A414-A68D3ADBAFE8}.Debug|Any CPU.ActiveCfg = Debug|Any CPU
		{6488EC1F-2F78-459C-A414-A68D3ADBAFE8}.Debug|Any CPU.Build.0 = Debug|Any CPU
		{6488EC1F-2F78-459C-A414-A68D3ADBAFE8}.Release|Any CPU.ActiveCfg = Release|Any CPU
		{6488EC1F-2F78-459C-A414-A68D3ADBAFE8}.Release|Any CPU.Build.0 = Release|Any CPU
		{9A187368-5097-4A3C-BCEC-5531BFF5DBAB}.Debug|Any CPU.ActiveCfg = Debug|Any CPU
		{9A187368-5097-4A3C-BCEC-5531BFF5DBAB}.Debug|Any CPU.Build.0 = Debug|Any CPU
		{9A187368-5097-4A3C-BCEC-5531BFF5DBAB}.Release|Any CPU.ActiveCfg = Release|Any CPU
		{9A187368-5097-4A3C-BCEC-5531BFF5DBAB}.Release|Any CPU.Build.0 = Release|Any CPU
	EndGlobalSection
	GlobalSection(SolutionProperties) = preSolution
		HideSolutionNode = FALSE
	EndGlobalSection
	GlobalSection(ExtensibilityGlobals) = postSolution
		SolutionGuid = {A4E07E2A-6347-437B-9462-762B64F64073}
	EndGlobalSection
EndGlobal
